// !$*UTF8*$!
{
	archiveVersion = 1;
	classes = {
	};
	objectVersion = 55;
	objects = {

/* Begin PBXBuildFile section */
		1877962F27D230560064DA15 /* AppDelegate.swift in Sources */ = {isa = PBXBuildFile; fileRef = 1877962E27D230560064DA15 /* AppDelegate.swift */; };
		1877963127D230560064DA15 /* SceneDelegate.swift in Sources */ = {isa = PBXBuildFile; fileRef = 1877963027D230560064DA15 /* SceneDelegate.swift */; };
		1877963327D230560064DA15 /* ViewController.swift in Sources */ = {isa = PBXBuildFile; fileRef = 1877963227D230560064DA15 /* ViewController.swift */; };
		1877963627D230560064DA15 /* Main.storyboard in Resources */ = {isa = PBXBuildFile; fileRef = 1877963427D230560064DA15 /* Main.storyboard */; };
		1877963827D230580064DA15 /* Assets.xcassets in Resources */ = {isa = PBXBuildFile; fileRef = 1877963727D230580064DA15 /* Assets.xcassets */; };
		1877963B27D230580064DA15 /* LaunchScreen.storyboard in Resources */ = {isa = PBXBuildFile; fileRef = 1877963927D230580064DA15 /* LaunchScreen.storyboard */; };
		1877964627D230580064DA15 /* UINavigationControllerTests.swift in Sources */ = {isa = PBXBuildFile; fileRef = 1877964527D230580064DA15 /* UINavigationControllerTests.swift */; };
		1877965027D230580064DA15 /* UINavigationControllerUITests.swift in Sources */ = {isa = PBXBuildFile; fileRef = 1877964F27D230580064DA15 /* UINavigationControllerUITests.swift */; };
		1877965227D230580064DA15 /* UINavigationControllerUITestsLaunchTests.swift in Sources */ = {isa = PBXBuildFile; fileRef = 1877965127D230580064DA15 /* UINavigationControllerUITestsLaunchTests.swift */; };
		1877965F27D232630064DA15 /* ISViewController.swift in Sources */ = {isa = PBXBuildFile; fileRef = 1877965E27D232630064DA15 /* ISViewController.swift */; };
		1877966127D2329B0064DA15 /* NowViewController.swift in Sources */ = {isa = PBXBuildFile; fileRef = 1877966027D2329A0064DA15 /* NowViewController.swift */; };
/* End PBXBuildFile section */

/* Begin PBXContainerItemProxy section */
		1877964227D230580064DA15 /* PBXContainerItemProxy */ = {
			isa = PBXContainerItemProxy;
			containerPortal = 1877962327D230560064DA15 /* Project object */;
			proxyType = 1;
			remoteGlobalIDString = 1877962A27D230560064DA15;
			remoteInfo = UINavigationController;
		};
		1877964C27D230580064DA15 /* PBXContainerItemProxy */ = {
			isa = PBXContainerItemProxy;
			containerPortal = 1877962327D230560064DA15 /* Project object */;
			proxyType = 1;
			remoteGlobalIDString = 1877962A27D230560064DA15;
			remoteInfo = UINavigationController;
		};
/* End PBXContainerItemProxy section */

/* Begin PBXFileReference section */
		1877962B27D230560064DA15 /* UINavigationController.app */ = {isa = PBXFileReference; explicitFileType = wrapper.application; includeInIndex = 0; path = UINavigationController.app; sourceTree = BUILT_PRODUCTS_DIR; };
		1877962E27D230560064DA15 /* AppDelegate.swift */ = {isa = PBXFileReference; lastKnownFileType = sourcecode.swift; path = AppDelegate.swift; sourceTree = "<group>"; };
		1877963027D230560064DA15 /* SceneDelegate.swift */ = {isa = PBXFileReference; lastKnownFileType = sourcecode.swift; path = SceneDelegate.swift; sourceTree = "<group>"; };
		1877963227D230560064DA15 /* ViewController.swift */ = {isa = PBXFileReference; lastKnownFileType = sourcecode.swift; path = ViewController.swift; sourceTree = "<group>"; };
		1877963527D230560064DA15 /* Base */ = {isa = PBXFileReference; lastKnownFileType = file.storyboard; name = Base; path = Base.lproj/Main.storyboard; sourceTree = "<group>"; };
		1877963727D230580064DA15 /* Assets.xcassets */ = {isa = PBXFileReference; lastKnownFileType = folder.assetcatalog; path = Assets.xcassets; sourceTree = "<group>"; };
		1877963A27D230580064DA15 /* Base */ = {isa = PBXFileReference; lastKnownFileType = file.storyboard; name = Base; path = Base.lproj/LaunchScreen.storyboard; sourceTree = "<group>"; };
		1877963C27D230580064DA15 /* Info.plist */ = {isa = PBXFileReference; lastKnownFileType = text.plist.xml; path = Info.plist; sourceTree = "<group>"; };
		1877964127D230580064DA15 /* UINavigationControllerTests.xctest */ = {isa = PBXFileReference; explicitFileType = wrapper.cfbundle; includeInIndex = 0; path = UINavigationControllerTests.xctest; sourceTree = BUILT_PRODUCTS_DIR; };
		1877964527D230580064DA15 /* UINavigationControllerTests.swift */ = {isa = PBXFileReference; lastKnownFileType = sourcecode.swift; path = UINavigationControllerTests.swift; sourceTree = "<group>"; };
		1877964B27D230580064DA15 /* UINavigationControllerUITests.xctest */ = {isa = PBXFileReference; explicitFileType = wrapper.cfbundle; includeInIndex = 0; path = UINavigationControllerUITests.xctest; sourceTree = BUILT_PRODUCTS_DIR; };
		1877964F27D230580064DA15 /* UINavigationControllerUITests.swift */ = {isa = PBXFileReference; lastKnownFileType = sourcecode.swift; path = UINavigationControllerUITests.swift; sourceTree = "<group>"; };
		1877965127D230580064DA15 /* UINavigationControllerUITestsLaunchTests.swift */ = {isa = PBXFileReference; lastKnownFileType = sourcecode.swift; path = UINavigationControllerUITestsLaunchTests.swift; sourceTree = "<group>"; };
		1877965E27D232630064DA15 /* ISViewController.swift */ = {isa = PBXFileReference; lastKnownFileType = sourcecode.swift; path = ISViewController.swift; sourceTree = "<group>"; };
		1877966027D2329A0064DA15 /* NowViewController.swift */ = {isa = PBXFileReference; lastKnownFileType = sourcecode.swift; path = NowViewController.swift; sourceTree = "<group>"; };
/* End PBXFileReference section */

/* Begin PBXFrameworksBuildPhase section */
		1877962827D230560064DA15 /* Frameworks */ = {
			isa = PBXFrameworksBuildPhase;
			buildActionMask = 2147483647;
			files = (
			);
			runOnlyForDeploymentPostprocessing = 0;
		};
		1877963E27D230580064DA15 /* Frameworks */ = {
			isa = PBXFrameworksBuildPhase;
			buildActionMask = 2147483647;
			files = (
			);
			runOnlyForDeploymentPostprocessing = 0;
		};
		1877964827D230580064DA15 /* Frameworks */ = {
			isa = PBXFrameworksBuildPhase;
			buildActionMask = 2147483647;
			files = (
			);
			runOnlyForDeploymentPostprocessing = 0;
		};
/* End PBXFrameworksBuildPhase section */

/* Begin PBXGroup section */
		1877962227D230560064DA15 = {
			isa = PBXGroup;
			children = (
				1877962D27D230560064DA15 /* UINavigationController */,
				1877964427D230580064DA15 /* UINavigationControllerTests */,
				1877964E27D230580064DA15 /* UINavigationControllerUITests */,
				1877962C27D230560064DA15 /* Products */,
			);
			sourceTree = "<group>";
		};
		1877962C27D230560064DA15 /* Products */ = {
			isa = PBXGroup;
			children = (
				1877962B27D230560064DA15 /* UINavigationController.app */,
				1877964127D230580064DA15 /* UINavigationControllerTests.xctest */,
				1877964B27D230580064DA15 /* UINavigationControllerUITests.xctest */,
			);
			name = Products;
			sourceTree = "<group>";
		};
		1877962D27D230560064DA15 /* UINavigationController */ = {
			isa = PBXGroup;
			children = (
				1877962E27D230560064DA15 /* AppDelegate.swift */,
				1877963027D230560064DA15 /* SceneDelegate.swift */,
				1877963227D230560064DA15 /* ViewController.swift */,
				1877963427D230560064DA15 /* Main.storyboard */,
				1877965E27D232630064DA15 /* ISViewController.swift */,
				1877966027D2329A0064DA15 /* NowViewController.swift */,
				1877963727D230580064DA15 /* Assets.xcassets */,
				1877963927D230580064DA15 /* LaunchScreen.storyboard */,
				1877963C27D230580064DA15 /* Info.plist */,
			);
			path = UINavigationController;
			sourceTree = "<group>";
		};
		1877964427D230580064DA15 /* UINavigationControllerTests */ = {
			isa = PBXGroup;
			children = (
				1877964527D230580064DA15 /* UINavigationControllerTests.swift */,
			);
			path = UINavigationControllerTests;
			sourceTree = "<group>";
		};
		1877964E27D230580064DA15 /* UINavigationControllerUITests */ = {
			isa = PBXGroup;
			children = (
				1877964F27D230580064DA15 /* UINavigationControllerUITests.swift */,
				1877965127D230580064DA15 /* UINavigationControllerUITestsLaunchTests.swift */,
			);
			path = UINavigationControllerUITests;
			sourceTree = "<group>";
		};
/* End PBXGroup section */

/* Begin PBXNativeTarget section */
		1877962A27D230560064DA15 /* UINavigationController */ = {
			isa = PBXNativeTarget;
			buildConfigurationList = 1877965527D230580064DA15 /* Build configuration list for PBXNativeTarget "UINavigationController" */;
			buildPhases = (
				1877962727D230560064DA15 /* Sources */,
				1877962827D230560064DA15 /* Frameworks */,
				1877962927D230560064DA15 /* Resources */,
			);
			buildRules = (
			);
			dependencies = (
			);
			name = UINavigationController;
			productName = UINavigationController;
			productReference = 1877962B27D230560064DA15 /* UINavigationController.app */;
			productType = "com.apple.product-type.application";
		};
		1877964027D230580064DA15 /* UINavigationControllerTests */ = {
			isa = PBXNativeTarget;
			buildConfigurationList = 1877965827D230580064DA15 /* Build configuration list for PBXNativeTarget "UINavigationControllerTests" */;
			buildPhases = (
				1877963D27D230580064DA15 /* Sources */,
				1877963E27D230580064DA15 /* Frameworks */,
				1877963F27D230580064DA15 /* Resources */,
			);
			buildRules = (
			);
			dependencies = (
				1877964327D230580064DA15 /* PBXTargetDependency */,
			);
			name = UINavigationControllerTests;
			productName = UINavigationControllerTests;
			productReference = 1877964127D230580064DA15 /* UINavigationControllerTests.xctest */;
			productType = "com.apple.product-type.bundle.unit-test";
		};
		1877964A27D230580064DA15 /* UINavigationControllerUITests */ = {
			isa = PBXNativeTarget;
			buildConfigurationList = 1877965B27D230580064DA15 /* Build configuration list for PBXNativeTarget "UINavigationControllerUITests" */;
			buildPhases = (
				1877964727D230580064DA15 /* Sources */,
				1877964827D230580064DA15 /* Frameworks */,
				1877964927D230580064DA15 /* Resources */,
			);
			buildRules = (
			);
			dependencies = (
				1877964D27D230580064DA15 /* PBXTargetDependency */,
			);
			name = UINavigationControllerUITests;
			productName = UINavigationControllerUITests;
			productReference = 1877964B27D230580064DA15 /* UINavigationControllerUITests.xctest */;
			productType = "com.apple.product-type.bundle.ui-testing";
		};
/* End PBXNativeTarget section */

/* Begin PBXProject section */
		1877962327D230560064DA15 /* Project object */ = {
			isa = PBXProject;
			attributes = {
				BuildIndependentTargetsInParallel = 1;
				LastSwiftUpdateCheck = 1320;
				LastUpgradeCheck = 1320;
				TargetAttributes = {
					1877962A27D230560064DA15 = {
						CreatedOnToolsVersion = 13.2.1;
					};
					1877964027D230580064DA15 = {
						CreatedOnToolsVersion = 13.2.1;
						TestTargetID = 1877962A27D230560064DA15;
					};
					1877964A27D230580064DA15 = {
						CreatedOnToolsVersion = 13.2.1;
						TestTargetID = 1877962A27D230560064DA15;
					};
				};
			};
			buildConfigurationList = 1877962627D230560064DA15 /* Build configuration list for PBXProject "UINavigationController" */;
			compatibilityVersion = "Xcode 13.0";
			developmentRegion = en;
			hasScannedForEncodings = 0;
			knownRegions = (
				en,
				Base,
			);
			mainGroup = 1877962227D230560064DA15;
			productRefGroup = 1877962C27D230560064DA15 /* Products */;
			projectDirPath = "";
			projectRoot = "";
			targets = (
				1877962A27D230560064DA15 /* UINavigationController */,
				1877964027D230580064DA15 /* UINavigationControllerTests */,
				1877964A27D230580064DA15 /* UINavigationControllerUITests */,
			);
		};
/* End PBXProject section */

/* Begin PBXResourcesBuildPhase section */
		1877962927D230560064DA15 /* Resources */ = {
			isa = PBXResourcesBuildPhase;
			buildActionMask = 2147483647;
			files = (
				1877963B27D230580064DA15 /* LaunchScreen.storyboard in Resources */,
				1877963827D230580064DA15 /* Assets.xcassets in Resources */,
				1877963627D230560064DA15 /* Main.storyboard in Resources */,
			);
			runOnlyForDeploymentPostprocessing = 0;
		};
		1877963F27D230580064DA15 /* Resources */ = {
			isa = PBXResourcesBuildPhase;
			buildActionMask = 2147483647;
			files = (
			);
			runOnlyForDeploymentPostprocessing = 0;
		};
		1877964927D230580064DA15 /* Resources */ = {
			isa = PBXResourcesBuildPhase;
			buildActionMask = 2147483647;
			files = (
			);
			runOnlyForDeploymentPostprocessing = 0;
		};
/* End PBXResourcesBuildPhase section */

/* Begin PBXSourcesBuildPhase section */
		1877962727D230560064DA15 /* Sources */ = {
			isa = PBXSourcesBuildPhase;
			buildActionMask = 2147483647;
			files = (
				1877965F27D232630064DA15 /* ISViewController.swift in Sources */,
				1877966127D2329B0064DA15 /* NowViewController.swift in Sources */,
				1877963327D230560064DA15 /* ViewController.swift in Sources */,
				1877962F27D230560064DA15 /* AppDelegate.swift in Sources */,
				1877963127D230560064DA15 /* SceneDelegate.swift in Sources */,
			);
			runOnlyForDeploymentPostprocessing = 0;
		};
		1877963D27D230580064DA15 /* Sources */ = {
			isa = PBXSourcesBuildPhase;
			buildActionMask = 2147483647;
			files = (
				1877964627D230580064DA15 /* UINavigationControllerTests.swift in Sources */,
			);
			runOnlyForDeploymentPostprocessing = 0;
		};
		1877964727D230580064DA15 /* Sources */ = {
			isa = PBXSourcesBuildPhase;
			buildActionMask = 2147483647;
			files = (
				1877965227D230580064DA15 /* UINavigationControllerUITestsLaunchTests.swift in Sources */,
				1877965027D230580064DA15 /* UINavigationControllerUITests.swift in Sources */,
			);
			runOnlyForDeploymentPostprocessing = 0;
		};
/* End PBXSourcesBuildPhase section */

/* Begin PBXTargetDependency section */
		1877964327D230580064DA15 /* PBXTargetDependency */ = {
			isa = PBXTargetDependency;
			target = 1877962A27D230560064DA15 /* UINavigationController */;
			targetProxy = 1877964227D230580064DA15 /* PBXContainerItemProxy */;
		};
		1877964D27D230580064DA15 /* PBXTargetDependency */ = {
			isa = PBXTargetDependency;
			target = 1877962A27D230560064DA15 /* UINavigationController */;
			targetProxy = 1877964C27D230580064DA15 /* PBXContainerItemProxy */;
		};
/* End PBXTargetDependency section */

/* Begin PBXVariantGroup section */
		1877963427D230560064DA15 /* Main.storyboard */ = {
			isa = PBXVariantGroup;
			children = (
				1877963527D230560064DA15 /* Base */,
			);
			name = Main.storyboard;
			sourceTree = "<group>";
		};
		1877963927D230580064DA15 /* LaunchScreen.storyboard */ = {
			isa = PBXVariantGroup;
			children = (
				1877963A27D230580064DA15 /* Base */,
			);
			name = LaunchScreen.storyboard;
			sourceTree = "<group>";
		};
/* End PBXVariantGroup section */

/* Begin XCBuildConfiguration section */
		1877965327D230580064DA15 /* Debug */ = {
			isa = XCBuildConfiguration;
			buildSettings = {
				ALWAYS_SEARCH_USER_PATHS = NO;
				CLANG_ANALYZER_NONNULL = YES;
				CLANG_ANALYZER_NUMBER_OBJECT_CONVERSION = YES_AGGRESSIVE;
				CLANG_CXX_LANGUAGE_STANDARD = "gnu++17";
				CLANG_CXX_LIBRARY = "libc++";
				CLANG_ENABLE_MODULES = YES;
				CLANG_ENABLE_OBJC_ARC = YES;
				CLANG_ENABLE_OBJC_WEAK = YES;
				CLANG_WARN_BLOCK_CAPTURE_AUTORELEASING = YES;
				CLANG_WARN_BOOL_CONVERSION = YES;
				CLANG_WARN_COMMA = YES;
				CLANG_WARN_CONSTANT_CONVERSION = YES;
				CLANG_WARN_DEPRECATED_OBJC_IMPLEMENTATIONS = YES;
				CLANG_WARN_DIRECT_OBJC_ISA_USAGE = YES_ERROR;
				CLANG_WARN_DOCUMENTATION_COMMENTS = YES;
				CLANG_WARN_EMPTY_BODY = YES;
				CLANG_WARN_ENUM_CONVERSION = YES;
				CLANG_WARN_INFINITE_RECURSION = YES;
				CLANG_WARN_INT_CONVERSION = YES;
				CLANG_WARN_NON_LITERAL_NULL_CONVERSION = YES;
				CLANG_WARN_OBJC_IMPLICIT_RETAIN_SELF = YES;
				CLANG_WARN_OBJC_LITERAL_CONVERSION = YES;
				CLANG_WARN_OBJC_ROOT_CLASS = YES_ERROR;
				CLANG_WARN_QUOTED_INCLUDE_IN_FRAMEWORK_HEADER = YES;
				CLANG_WARN_RANGE_LOOP_ANALYSIS = YES;
				CLANG_WARN_STRICT_PROTOTYPES = YES;
				CLANG_WARN_SUSPICIOUS_MOVE = YES;
				CLANG_WARN_UNGUARDED_AVAILABILITY = YES_AGGRESSIVE;
				CLANG_WARN_UNREACHABLE_CODE = YES;
				CLANG_WARN__DUPLICATE_METHOD_MATCH = YES;
				COPY_PHASE_STRIP = NO;
				DEBUG_INFORMATION_FORMAT = dwarf;
				ENABLE_STRICT_OBJC_MSGSEND = YES;
				ENABLE_TESTABILITY = YES;
				GCC_C_LANGUAGE_STANDARD = gnu11;
				GCC_DYNAMIC_NO_PIC = NO;
				GCC_NO_COMMON_BLOCKS = YES;
				GCC_OPTIMIZATION_LEVEL = 0;
				GCC_PREPROCESSOR_DEFINITIONS = (
					"DEBUG=1",
					"$(inherited)",
				);
				GCC_WARN_64_TO_32_BIT_CONVERSION = YES;
				GCC_WARN_ABOUT_RETURN_TYPE = YES_ERROR;
				GCC_WARN_UNDECLARED_SELECTOR = YES;
				GCC_WARN_UNINITIALIZED_AUTOS = YES_AGGRESSIVE;
				GCC_WARN_UNUSED_FUNCTION = YES;
				GCC_WARN_UNUSED_VARIABLE = YES;
				IPHONEOS_DEPLOYMENT_TARGET = 15.2;
				MTL_ENABLE_DEBUG_INFO = INCLUDE_SOURCE;
				MTL_FAST_MATH = YES;
				ONLY_ACTIVE_ARCH = YES;
				SDKROOT = iphoneos;
				SWIFT_ACTIVE_COMPILATION_CONDITIONS = DEBUG;
				SWIFT_OPTIMIZATION_LEVEL = "-Onone";
			};
			name = Debug;
		};
		1877965427D230580064DA15 /* Release */ = {
			isa = XCBuildConfiguration;
			buildSettings = {
				ALWAYS_SEARCH_USER_PATHS = NO;
				CLANG_ANALYZER_NONNULL = YES;
				CLANG_ANALYZER_NUMBER_OBJECT_CONVERSION = YES_AGGRESSIVE;
				CLANG_CXX_LANGUAGE_STANDARD = "gnu++17";
				CLANG_CXX_LIBRARY = "libc++";
				CLANG_ENABLE_MODULES = YES;
				CLANG_ENABLE_OBJC_ARC = YES;
				CLANG_ENABLE_OBJC_WEAK = YES;
				CLANG_WARN_BLOCK_CAPTURE_AUTORELEASING = YES;
				CLANG_WARN_BOOL_CONVERSION = YES;
				CLANG_WARN_COMMA = YES;
				CLANG_WARN_CONSTANT_CONVERSION = YES;
				CLANG_WARN_DEPRECATED_OBJC_IMPLEMENTATIONS = YES;
				CLANG_WARN_DIRECT_OBJC_ISA_USAGE = YES_ERROR;
				CLANG_WARN_DOCUMENTATION_COMMENTS = YES;
				CLANG_WARN_EMPTY_BODY = YES;
				CLANG_WARN_ENUM_CONVERSION = YES;
				CLANG_WARN_INFINITE_RECURSION = YES;
				CLANG_WARN_INT_CONVERSION = YES;
				CLANG_WARN_NON_LITERAL_NULL_CONVERSION = YES;
				CLANG_WARN_OBJC_IMPLICIT_RETAIN_SELF = YES;
				CLANG_WARN_OBJC_LITERAL_CONVERSION = YES;
				CLANG_WARN_OBJC_ROOT_CLASS = YES_ERROR;
				CLANG_WARN_QUOTED_INCLUDE_IN_FRAMEWORK_HEADER = YES;
				CLANG_WARN_RANGE_LOOP_ANALYSIS = YES;
				CLANG_WARN_STRICT_PROTOTYPES = YES;
				CLANG_WARN_SUSPICIOUS_MOVE = YES;
				CLANG_WARN_UNGUARDED_AVAILABILITY = YES_AGGRESSIVE;
				CLANG_WARN_UNREACHABLE_CODE = YES;
				CLANG_WARN__DUPLICATE_METHOD_MATCH = YES;
				COPY_PHASE_STRIP = NO;
				DEBUG_INFORMATION_FORMAT = "dwarf-with-dsym";
				ENABLE_NS_ASSERTIONS = NO;
				ENABLE_STRICT_OBJC_MSGSEND = YES;
				GCC_C_LANGUAGE_STANDARD = gnu11;
				GCC_NO_COMMON_BLOCKS = YES;
				GCC_WARN_64_TO_32_BIT_CONVERSION = YES;
				GCC_WARN_ABOUT_RETURN_TYPE = YES_ERROR;
				GCC_WARN_UNDECLARED_SELECTOR = YES;
				GCC_WARN_UNINITIALIZED_AUTOS = YES_AGGRESSIVE;
				GCC_WARN_UNUSED_FUNCTION = YES;
				GCC_WARN_UNUSED_VARIABLE = YES;
				IPHONEOS_DEPLOYMENT_TARGET = 15.2;
				MTL_ENABLE_DEBUG_INFO = NO;
				MTL_FAST_MATH = YES;
				SDKROOT = iphoneos;
				SWIFT_COMPILATION_MODE = wholemodule;
				SWIFT_OPTIMIZATION_LEVEL = "-O";
				VALIDATE_PRODUCT = YES;
			};
			name = Release;
		};
		1877965627D230580064DA15 /* Debug */ = {
			isa = XCBuildConfiguration;
			buildSettings = {
				ASSETCATALOG_COMPILER_APPICON_NAME = AppIcon;
				ASSETCATALOG_COMPILER_GLOBAL_ACCENT_COLOR_NAME = AccentColor;
				CODE_SIGN_STYLE = Automatic;
				CURRENT_PROJECT_VERSION = 1;
				GENERATE_INFOPLIST_FILE = YES;
				INFOPLIST_FILE = UINavigationController/Info.plist;
				INFOPLIST_KEY_UIApplicationSupportsIndirectInputEvents = YES;
				INFOPLIST_KEY_UILaunchStoryboardName = LaunchScreen;
				INFOPLIST_KEY_UIMainStoryboardFile = Main;
				INFOPLIST_KEY_UISupportedInterfaceOrientations_iPad = "UIInterfaceOrientationPortrait UIInterfaceOrientationPortraitUpsideDown UIInterfaceOrientationLandscapeLeft UIInterfaceOrientationLandscapeRight";
				INFOPLIST_KEY_UISupportedInterfaceOrientations_iPhone = "UIInterfaceOrientationPortrait UIInterfaceOrientationLandscapeLeft UIInterfaceOrientationLandscapeRight";
				LD_RUNPATH_SEARCH_PATHS = (
					"$(inherited)",
					"@executable_path/Frameworks",
				);
				MARKETING_VERSION = 1.0;
				PRODUCT_BUNDLE_IDENTIFIER = second.UINavigationController;
				PRODUCT_NAME = "$(TARGET_NAME)";
				SWIFT_EMIT_LOC_STRINGS = YES;
				SWIFT_VERSION = 5.0;
				TARGETED_DEVICE_FAMILY = "1,2";
			};
			name = Debug;
		};
		1877965727D230580064DA15 /* Release */ = {
			isa = XCBuildConfiguration;
			buildSettings = {
				ASSETCATALOG_COMPILER_APPICON_NAME = AppIcon;
				ASSETCATALOG_COMPILER_GLOBAL_ACCENT_COLOR_NAME = AccentColor;
				CODE_SIGN_STYLE = Automatic;
				CURRENT_PROJECT_VERSION = 1;
				GENERATE_INFOPLIST_FILE = YES;
				INFOPLIST_FILE = UINavigationController/Info.plist;
				INFOPLIST_KEY_UIApplicationSupportsIndirectInputEvents = YES;
				INFOPLIST_KEY_UILaunchStoryboardName = LaunchScreen;
				INFOPLIST_KEY_UIMainStoryboardFile = Main;
				INFOPLIST_KEY_UISupportedInterfaceOrientations_iPad = "UIInterfaceOrientationPortrait UIInterfaceOrientationPortraitUpsideDown UIInterfaceOrientationLandscapeLeft UIInterfaceOrientationLandscapeRight";
				INFOPLIST_KEY_UISupportedInterfaceOrientations_iPhone = "UIInterfaceOrientationPortrait UIInterfaceOrientationLandscapeLeft UIInterfaceOrientationLandscapeRight";
				LD_RUNPATH_SEARCH_PATHS = (
					"$(inherited)",
					"@executable_path/Frameworks",
				);
				MARKETING_VERSION = 1.0;
				PRODUCT_BUNDLE_IDENTIFIER = second.UINavigationController;
				PRODUCT_NAME = "$(TARGET_NAME)";
				SWIFT_EMIT_LOC_STRINGS = YES;
				SWIFT_VERSION = 5.0;
				TARGETED_DEVICE_FAMILY = "1,2";
			};
			name = Release;
		};
		1877965927D230580064DA15 /* Debug */ = {
			isa = XCBuildConfiguration;
			buildSettings = {
				ALWAYS_EMBED_SWIFT_STANDARD_LIBRARIES = YES;
				BUNDLE_LOADER = "$(TEST_HOST)";
				CODE_SIGN_STYLE = Automatic;
				CURRENT_PROJECT_VERSION = 1;
				GENERATE_INFOPLIST_FILE = YES;
				IPHONEOS_DEPLOYMENT_TARGET = 15.2;
				MARKETING_VERSION = 1.0;
				PRODUCT_BUNDLE_IDENTIFIER = second.UINavigationControllerTests;
				PRODUCT_NAME = "$(TARGET_NAME)";
				SWIFT_EMIT_LOC_STRINGS = NO;
				SWIFT_VERSION = 5.0;
				TARGETED_DEVICE_FAMILY = "1,2";
				TEST_HOST = "$(BUILT_PRODUCTS_DIR)/UINavigationController.app/UINavigationController";
			};
			name = Debug;
		};
		1877965A27D230580064DA15 /* Release */ = {
			isa = XCBuildConfiguration;
			buildSettings = {
				ALWAYS_EMBED_SWIFT_STANDARD_LIBRARIES = YES;
				BUNDLE_LOADER = "$(TEST_HOST)";
				CODE_SIGN_STYLE = Automatic;
				CURRENT_PROJECT_VERSION = 1;
				GENERATE_INFOPLIST_FILE = YES;
				IPHONEOS_DEPLOYMENT_TARGET = 15.2;
				MARKETING_VERSION = 1.0;
				PRODUCT_BUNDLE_IDENTIFIER = second.UINavigationControllerTests;
				PRODUCT_NAME = "$(TARGET_NAME)";
				SWIFT_EMIT_LOC_STRINGS = NO;
				SWIFT_VERSION = 5.0;
				TARGETED_DEVICE_FAMILY = "1,2";
				TEST_HOST = "$(BUILT_PRODUCTS_DIR)/UINavigationController.app/UINavigationController";
			};
			name = Release;
		};
		1877965C27D230580064DA15 /* Debug */ = {
			isa = XCBuildConfiguration;
			buildSettings = {
				ALWAYS_EMBED_SWIFT_STANDARD_LIBRARIES = YES;
				CODE_SIGN_STYLE = Automatic;
				CURRENT_PROJECT_VERSION = 1;
				GENERATE_INFOPLIST_FILE = YES;
				MARKETING_VERSION = 1.0;
				PRODUCT_BUNDLE_IDENTIFIER = second.UINavigationControllerUITests;
				PRODUCT_NAME = "$(TARGET_NAME)";
				SWIFT_EMIT_LOC_STRINGS = NO;
				SWIFT_VERSION = 5.0;
				TARGETED_DEVICE_FAMILY = "1,2";
				TEST_TARGET_NAME = UINavigationController;
			};
			name = Debug;
		};
		1877965D27D230580064DA15 /* Release */ = {
			isa = XCBuildConfiguration;
			buildSettings = {
				ALWAYS_EMBED_SWIFT_STANDARD_LIBRARIES = YES;
				CODE_SIGN_STYLE = Automatic;
				CURRENT_PROJECT_VERSION = 1;
				GENERATE_INFOPLIST_FILE = YES;
				MARKETING_VERSION = 1.0;
				PRODUCT_BUNDLE_IDENTIFIER = second.UINavigationControllerUITests;
				PRODUCT_NAME = "$(TARGET_NAME)";
				SWIFT_EMIT_LOC_STRINGS = NO;
				SWIFT_VERSION = 5.0;
				TARGETED_DEVICE_FAMILY = "1,2";
				TEST_TARGET_NAME = UINavigationController;
			};
			name = Release;
		};
/* End XCBuildConfiguration section */

/* Begin XCConfigurationList section */
		1877962627D230560064DA15 /* Build configuration list for PBXProject "UINavigationController" */ = {
			isa = XCConfigurationList;
			buildConfigurations = (
				1877965327D230580064DA15 /* Debug */,
				1877965427D230580064DA15 /* Release */,
			);
			defaultConfigurationIsVisible = 0;
			defaultConfigurationName = Release;
		};
		1877965527D230580064DA15 /* Build configuration list for PBXNativeTarget "UINavigationController" */ = {
			isa = XCConfigurationList;
			buildConfigurations = (
				1877965627D230580064DA15 /* Debug */,
				1877965727D230580064DA15 /* Release */,
			);
			defaultConfigurationIsVisible = 0;
			defaultConfigurationName = Release;
		};
		1877965827D230580064DA15 /* Build configuration list for PBXNativeTarget "UINavigationControllerTests" */ = {
			isa = XCConfigurationList;
			buildConfigurations = (
				1877965927D230580064DA15 /* Debug */,
				1877965A27D230580064DA15 /* Release */,
			);
			defaultConfigurationIsVisible = 0;
			defaultConfigurationName = Release;
		};
		1877965B27D230580064DA15 /* Build configuration list for PBXNativeTarget "UINavigationControllerUITests" */ = {
			isa = XCConfigurationList;
			buildConfigurations = (
				1877965C27D230580064DA15 /* Debug */,
				1877965D27D230580064DA15 /* Release */,
			);
			defaultConfigurationIsVisible = 0;
			defaultConfigurationName = Release;
		};
/* End XCConfigurationList section */
	};
	rootObject = 1877962327D230560064DA15 /* Project object */;
}
